<?xml version="1.0" encoding="utf-8"?>
<Project ToolsVersion="4.0" xmlns="http://schemas.microsoft.com/developer/msbuild/2003">
  <ItemGroup>
    <Filter Include="Source Files">
      <UniqueIdentifier>{4FC737F1-C7A5-4376-A066-2A32D752A2FF}</UniqueIdentifier>
      <Extensions>cpp;c;cc;cxx;def;odl;idl;hpj;bat;asm;asmx</Extensions>
    </Filter>
    <Filter Include="Source Files\Script">
      <UniqueIdentifier>{2ad88f9e-1f23-4dfc-86d1-b26c8427c455}</UniqueIdentifier>
    </Filter>
    <Filter Include="Source Files\Script\Collections">
      <UniqueIdentifier>{83de063c-4f71-4e92-8005-0d672b31dc11}</UniqueIdentifier>
    </Filter>
    <Filter Include="Source Files\Script\Bindings">
      <UniqueIdentifier>{2fcb1a2d-39c0-4b0f-a002-49038e3e86ad}</UniqueIdentifier>
    </Filter>
    <Filter Include="Source Files\Script\Compiler">
      <UniqueIdentifier>{9be62bea-f30a-4b3c-b6cd-c8589fc695ed}</UniqueIdentifier>
    </Filter>
    <Filter Include="Source Files\Tile">
      <UniqueIdentifier>{fd4491ce-06d7-4a27-893e-ea5ccf7a0722}</UniqueIdentifier>
    </Filter>
    <Filter Include="Source Files\Database">
      <UniqueIdentifier>{6ff9a7e0-bc7e-4933-ab75-e87de254f85d}</UniqueIdentifier>
    </Filter>
    <Filter Include="Source Files\Shmup">
      <UniqueIdentifier>{2ccde90a-04ac-4058-a6cd-02fbf527e68a}</UniqueIdentifier>
    </Filter>
    <Filter Include="Source Files\Util">
      <UniqueIdentifier>{b077a2eb-4bd9-4db0-bc6f-343e923f2abb}</UniqueIdentifier>
    </Filter>
    <Filter Include="Header Files">
      <UniqueIdentifier>{93995380-89BD-4b04-88EB-625FBE52EBFB}</UniqueIdentifier>
      <Extensions>h;hpp;hxx;hm;inl;inc;xsd</Extensions>
    </Filter>
    <Filter Include="Header Files\Script">
      <UniqueIdentifier>{3f160b7e-37fa-4203-9743-b112b9229fa2}</UniqueIdentifier>
    </Filter>
    <Filter Include="Header Files\Script\Collections">
      <UniqueIdentifier>{146d9e49-e289-40ab-9656-1a52927d4229}</UniqueIdentifier>
    </Filter>
    <Filter Include="Header Files\Script\Compiler">
      <UniqueIdentifier>{06fd4316-225b-44e4-bf98-9fa3af75f40a}</UniqueIdentifier>
    </Filter>
    <Filter Include="Header Files\Script\Bindings">
      <UniqueIdentifier>{f085bca3-1f1e-4220-b8b8-92fd2aaeb9ba}</UniqueIdentifier>
    </Filter>
    <Filter Include="Header Files\Tile">
      <UniqueIdentifier>{3b5dc38e-eca6-4cd8-85f2-3e8c3be5157d}</UniqueIdentifier>
    </Filter>
    <Filter Include="Header Files\Database">
      <UniqueIdentifier>{61b6b54b-e779-427c-a448-cb5015e8e5c8}</UniqueIdentifier>
    </Filter>
    <Filter Include="Header Files\Shmup">
      <UniqueIdentifier>{0f243d29-093f-4498-917e-f615294bdeb0}</UniqueIdentifier>
    </Filter>
    <Filter Include="Header Files\Util">
      <UniqueIdentifier>{d0c33378-d5f0-45c3-84d6-63b0c5cbfbdf}</UniqueIdentifier>
    </Filter>
    <Filter Include="Resource Files">
      <UniqueIdentifier>{67DA6AB6-F800-4c08-8B7A-83BB121AAD01}</UniqueIdentifier>
      <Extensions>rc;ico;cur;bmp;dlg;rc2;rct;bin;rgs;gif;jpg;jpeg;jpe;resx;tiff;tif;png;wav</Extensions>
    </Filter>
  </ItemGroup>
  <ItemGroup>
    <ClCompile Include="src\AttributeFlags.cpp">
      <Filter>Source Files</Filter>
    </ClCompile>
    <ClCompile Include="src\Attributes.cpp">
      <Filter>Source Files</Filter>
    </ClCompile>
    <ClCompile Include="src\ConfigFile.cpp">
      <Filter>Source Files</Filter>
    </ClCompile>
    <ClCompile Include="src\Equipment.cpp">
      <Filter>Source Files</Filter>
    </ClCompile>
    <ClCompile Include="src\Game.cpp">
      <Filter>Source Files</Filter>
    </ClCompile>
    <ClCompile Include="src\GameScreen.cpp">
      <Filter>Source Files</Filter>
    </ClCompile>
    <ClCompile Include="src\Inventory.cpp">
      <Filter>Source Files</Filter>
    </ClCompile>
    <ClCompile Include="src\InventoryItem.cpp">
      <Filter>Source Files</Filter>
    </ClCompile>
    <ClCompile Include="src\ItemDrop.cpp">
      <Filter>Source Files</Filter>
    </ClCompile>
    <ClCompile Include="src\ResourceManager.cpp">
      <Filter>Source Files</Filter>
    </ClCompile>
    <ClCompile Include="src\Rpg.cpp">
      <Filter>Source Files</Filter>
    </ClCompile>
    <ClCompile Include="src\Screen.cpp">
      <Filter>Source Files</Filter>
    </ClCompile>
    <ClCompile Include="src\ScreenManager.cpp">
      <Filter>Source Files</Filter>
    </ClCompile>
    <ClCompile Include="src\SpellBook.cpp">
      <Filter>Source Files</Filter>
    </ClCompile>
    <ClCompile Include="src\Script\Bytecode.cpp">
      <Filter>Source Files\Script</Filter>
    </ClCompile>
    <ClCompile Include="src\Script\ContextPool.cpp">
      <Filter>Source Files\Script</Filter>
    </ClCompile>
    <ClCompile Include="src\Script\ScriptEngine.cpp">
      <Filter>Source Files\Script</Filter>
    </ClCompile>
    <ClCompile Include="src\Script\ScriptGarbage.cpp">
      <Filter>Source Files\Script</Filter>
    </ClCompile>
    <ClCompile Include="src\Script\ScriptObject.cpp">
      <Filter>Source Files\Script</Filter>
    </ClCompile>
    <ClCompile Include="src\Script\asArray.cpp">
      <Filter>Source Files\Script\Collections</Filter>
    </ClCompile>
    <ClCompile Include="src\Script\asArrayTemplate.cpp">
      <Filter>Source Files\Script\Collections</Filter>
    </ClCompile>
    <ClCompile Include="src\Script\asScriptTemplate.cpp">
      <Filter>Source Files\Script\Collections</Filter>
    </ClCompile>
    <ClCompile Include="src\Script\asString.cpp">
      <Filter>Source Files\Script\Collections</Filter>
    </ClCompile>
    <ClCompile Include="src\Script\asVector.cpp">
      <Filter>Source Files\Script\Collections</Filter>
    </ClCompile>
    <ClCompile Include="src\Script\asVectorTemplate.cpp">
      <Filter>Source Files\Script\Collections</Filter>
    </ClCompile>
    <ClCompile Include="src\Script\asGameInterface.cpp">
      <Filter>Source Files\Script\Bindings</Filter>
    </ClCompile>
    <ClCompile Include="src\Script\asGlobalInterface.cpp">
      <Filter>Source Files\Script\Bindings</Filter>
    </ClCompile>
    <ClCompile Include="src\Script\asGraphicsInterface.cpp">
      <Filter>Source Files\Script\Bindings</Filter>
    </ClCompile>
    <ClCompile Include="src\Script\asGuiInterface.cpp">
      <Filter>Source Files\Script\Bindings</Filter>
    </ClCompile>
    <ClCompile Include="src\Script\asInputInterface.cpp">
      <Filter>Source Files\Script\Bindings</Filter>
    </ClCompile>
    <ClCompile Include="src\Script\asMathInterface.cpp">
      <Filter>Source Files\Script\Bindings</Filter>
    </ClCompile>
    <ClCompile Include="src\Script\asSoundInterface.cpp">
      <Filter>Source Files\Script\Bindings</Filter>
    </ClCompile>
    <ClCompile Include="src\Script\Compiler.cpp">
      <Filter>Source Files\Script\Compiler</Filter>
    </ClCompile>
    <ClCompile Include="src\Script\PostProcessor.cpp">
      <Filter>Source Files\Script\Compiler</Filter>
    </ClCompile>
    <ClCompile Include="src\Script\Preprocessor.cpp">
      <Filter>Source Files\Script\Compiler</Filter>
    </ClCompile>
    <ClCompile Include="src\Tile\Map.cpp">
      <Filter>Source Files\Tile</Filter>
    </ClCompile>
    <ClCompile Include="src\Tile\MapLayer.cpp">
      <Filter>Source Files\Tile</Filter>
    </ClCompile>
    <ClCompile Include="src\Tile\Tile.cpp">
      <Filter>Source Files\Tile</Filter>
    </ClCompile>
    <ClCompile Include="src\Tile\Tileset.cpp">
      <Filter>Source Files\Tile</Filter>
    </ClCompile>
    <ClCompile Include="src\Tile\TilesetManager.cpp">
      <Filter>Source Files\Tile</Filter>
    </ClCompile>
    <ClCompile Include="src\AttributeData.cpp">
      <Filter>Source Files\Database</Filter>
    </ClCompile>
    <ClCompile Include="src\CharacterClass.cpp">
      <Filter>Source Files\Database</Filter>
    </ClCompile>
    <ClCompile Include="src\Database.cpp">
      <Filter>Source Files\Database</Filter>
    </ClCompile>
    <ClCompile Include="src\EncounterData.cpp">
      <Filter>Source Files\Database</Filter>
    </ClCompile>
    <ClCompile Include="src\ItemData.cpp">
      <Filter>Source Files\Database</Filter>
    </ClCompile>
    <ClCompile Include="src\MonsterData.cpp">
      <Filter>Source Files\Database</Filter>
    </ClCompile>
    <ClCompile Include="src\MonsterPartyData.cpp">
      <Filter>Source Files\Database</Filter>
    </ClCompile>
    <ClCompile Include="src\SpellData.cpp">
      <Filter>Source Files\Database</Filter>
    </ClCompile>
    <ClCompile Include="src\Shmup\BulletManager.cpp">
      <Filter>Source Files\Shmup</Filter>
    </ClCompile>
    <ClCompile Include="src\Util\Serialization.cpp">
      <Filter>Source Files\Util</Filter>
    </ClCompile>
  </ItemGroup>
  <ItemGroup>
    <ClInclude Include="src\AttributeFlags.h">
      <Filter>Header Files</Filter>
    </ClInclude>
    <ClInclude Include="src\Attributes.h">
      <Filter>Header Files</Filter>
    </ClInclude>
    <ClInclude Include="src\AttributeStrings.h">
      <Filter>Header Files</Filter>
    </ClInclude>
    <ClInclude Include="src\Common.h">
      <Filter>Header Files</Filter>
    </ClInclude>
    <ClInclude Include="src\ConfigFile.h">
      <Filter>Header Files</Filter>
    </ClInclude>
    <ClInclude Include="src\Entity.h">
      <Filter>Header Files</Filter>
    </ClInclude>
    <ClInclude Include="src\Equipment.h">
      <Filter>Header Files</Filter>
    </ClInclude>
    <ClInclude Include="src\FixedAttributeArray.h">
      <Filter>Header Files</Filter>
    </ClInclude>
    <ClInclude Include="src\Game.h">
      <Filter>Header Files</Filter>
    </ClInclude>
    <ClInclude Include="src\GameScreen.h">
      <Filter>Header Files</Filter>
    </ClInclude>
    <ClInclude Include="src\Inventory.h">
      <Filter>Header Files</Filter>
    </ClInclude>
    <ClInclude Include="src\InventoryItem.h">
      <Filter>Header Files</Filter>
    </ClInclude>
    <ClInclude Include="src\ItemDrop.h">
      <Filter>Header Files</Filter>
    </ClInclude>
    <ClInclude Include="src\Object.h">
      <Filter>Header Files</Filter>
    </ClInclude>
    <ClInclude Include="src\ResourceManager.h">
      <Filter>Header Files</Filter>
    </ClInclude>
    <ClInclude Include="src\Screen.h">
      <Filter>Header Files</Filter>
    </ClInclude>
    <ClInclude Include="src\ScreenManager.h">
      <Filter>Header Files</Filter>
    </ClInclude>
    <ClInclude Include="src\SpellBook.h">
      <Filter>Header Files</Filter>
    </ClInclude>
    <ClInclude Include="src\Script\Bytecode.h">
      <Filter>Header Files\Script</Filter>
    </ClInclude>
    <ClInclude Include="src\Script\Common.h">
      <Filter>Header Files\Script</Filter>
    </ClInclude>
    <ClInclude Include="src\Script\ContextPool.h">
      <Filter>Header Files\Script</Filter>
    </ClInclude>
    <ClInclude Include="src\Script\ScriptEngine.h">
      <Filter>Header Files\Script</Filter>
    </ClInclude>
    <ClInclude Include="src\Script\ScriptGarbage.h">
      <Filter>Header Files\Script</Filter>
    </ClInclude>
    <ClInclude Include="src\Script\ScriptObject.h">
      <Filter>Header Files\Script</Filter>
    </ClInclude>
    <ClInclude Include="src\Script\asArray.h">
      <Filter>Header Files\Script\Collections</Filter>
    </ClInclude>
    <ClInclude Include="src\Script\asArrayTemplate.h">
      <Filter>Header Files\Script\Collections</Filter>
    </ClInclude>
    <ClInclude Include="src\Script\asScriptTemplate.h">
      <Filter>Header Files\Script\Collections</Filter>
    </ClInclude>
    <ClInclude Include="src\Script\asVector.h">
      <Filter>Header Files\Script\Collections</Filter>
    </ClInclude>
    <ClInclude Include="src\Script\asVectorTemplate.h">
      <Filter>Header Files\Script\Collections</Filter>
    </ClInclude>
    <ClInclude Include="src\Script\Compiler.h">
      <Filter>Header Files\Script\Compiler</Filter>
    </ClInclude>
    <ClInclude Include="src\Script\PostProcessor.h">
      <Filter>Header Files\Script\Compiler</Filter>
    </ClInclude>
    <ClInclude Include="src\Script\Preprocessor.h">
      <Filter>Header Files\Script\Compiler</Filter>
    </ClInclude>
    <ClInclude Include="src\Script\asBindUtil.h">
      <Filter>Header Files\Script\Bindings</Filter>
    </ClInclude>
    <ClInclude Include="src\Tile\CollisionLayer.h">
      <Filter>Header Files\Tile</Filter>
    </ClInclude>
    <ClInclude Include="src\Tile\Map.h">
      <Filter>Header Files\Tile</Filter>
    </ClInclude>
    <ClInclude Include="src\Tile\MapLayer.h">
      <Filter>Header Files\Tile</Filter>
    </ClInclude>
    <ClInclude Include="src\Tile\MapProperties.h">
      <Filter>Header Files\Tile</Filter>
    </ClInclude>
    <ClInclude Include="src\Tile\Tile.h">
      <Filter>Header Files\Tile</Filter>
    </ClInclude>
    <ClInclude Include="src\Tile\TileProperties.h">
      <Filter>Header Files\Tile</Filter>
    </ClInclude>
    <ClInclude Include="src\Tile\Tileset.h">
      <Filter>Header Files\Tile</Filter>
    </ClInclude>
    <ClInclude Include="src\Tile\TilesetManager.h">
      <Filter>Header Files\Tile</Filter>
    </ClInclude>
    <ClInclude Include="src\AttributeData.h">
      <Filter>Header Files\Database</Filter>
    </ClInclude>
    <ClInclude Include="src\CharacterClass.h">
      <Filter>Header Files\Database</Filter>
    </ClInclude>
    <ClInclude Include="src\Database.h">
      <Filter>Header Files\Database</Filter>
    </ClInclude>
    <ClInclude Include="src\DataList.h">
      <Filter>Header Files\Database</Filter>
    </ClInclude>
    <ClInclude Include="src\EncounterData.h">
      <Filter>Header Files\Database</Filter>
    </ClInclude>
    <ClInclude Include="src\ItemData.h">
      <Filter>Header Files\Database</Filter>
    </ClInclude>
    <ClInclude Include="src\MonsterData.h">
      <Filter>Header Files\Database</Filter>
    </ClInclude>
    <ClInclude Include="src\MonsterPartyData.h">
      <Filter>Header Files\Database</Filter>
    </ClInclude>
    <ClInclude Include="src\SpellData.h">
      <Filter>Header Files\Database</Filter>
    </ClInclude>
    <ClInclude Include="src\Shmup\Bullet.h">
      <Filter>Header Files\Shmup</Filter>
    </ClInclude>
    <ClInclude Include="src\Shmup\BulletManager.h">
      <Filter>Header Files\Shmup</Filter>
    </ClInclude>
    <ClInclude Include="src\Shmup\BulletPool.h">
      <Filter>Header Files\Shmup</Filter>
    </ClInclude>
    <ClInclude Include="src\Shmup\PODBullet.h">
      <Filter>Header Files\Shmup</Filter>
    </ClInclude>
    <ClInclude Include="src\Shmup\PODBulletManager.h">
      <Filter>Header Files\Shmup</Filter>
    </ClInclude>
    <ClInclude Include="src\Util\Serialization.h">
      <Filter>Header Files\Util</Filter>
    </ClInclude>
  </ItemGroup>
</Project>