
Microsoft Visual Studio Solution File, Format Version 11.00
# Visual C++ Express 2010
Project("{FAE04EC0-301F-11D3-BF4B-00C04F79EFBC}") = "Agn.Catastrophe", "Agn.Catastrophe\Agn.Catastrophe.csproj", "{85BA06BB-5CF9-4932-9898-A78D11F898F5}"
EndProject
Project("{FAE04EC0-301F-11D3-BF4B-00C04F79EFBC}") = "Agn.Core", "Agn.Core\Agn.Core.csproj", "{CB6E14D8-8EA2-49FF-92CA-293238C918D5}"
EndProject
Project("{FAE04EC0-301F-11D3-BF4B-00C04F79EFBC}") = "Agn.Catastrophe.Editor", "Agn.Catastrophe.Editor\Agn.Catastrophe.Editor.csproj", "{322C50F5-78CB-419D-B558-C3D660382388}"
EndProject
Project("{8BC9CEB8-8B4A-11D0-8D11-00A0C91BC942}") = "Agn.Catastrophe.Interop", "Agn.Catastrophe.Interop\Agn.Catastrophe.Interop.vcxproj", "{A309347D-1067-42C4-9637-9E710E16FEEA}"
EndProject
Global
	GlobalSection(SolutionConfigurationPlatforms) = preSolution
		Debug|Any CPU = Debug|Any CPU
		Debug|Mixed Platforms = Debug|Mixed Platforms
		Debug|Win32 = Debug|Win32
		Debug|x86 = Debug|x86
		Release|Any CPU = Release|Any CPU
		Release|Mixed Platforms = Release|Mixed Platforms
		Release|Win32 = Release|Win32
		Release|x86 = Release|x86
	EndGlobalSection
	GlobalSection(ProjectConfigurationPlatforms) = postSolution
		{85BA06BB-5CF9-4932-9898-A78D11F898F5}.Debug|Any CPU.ActiveCfg = Debug|Any CPU
		{85BA06BB-5CF9-4932-9898-A78D11F898F5}.Debug|Any CPU.Build.0 = Debug|Any CPU
		{85BA06BB-5CF9-4932-9898-A78D11F898F5}.Debug|Mixed Platforms.ActiveCfg = Debug|Any CPU
		{85BA06BB-5CF9-4932-9898-A78D11F898F5}.Debug|Mixed Platforms.Build.0 = Debug|Any CPU
		{85BA06BB-5CF9-4932-9898-A78D11F898F5}.Debug|Win32.ActiveCfg = Debug|Any CPU
		{85BA06BB-5CF9-4932-9898-A78D11F898F5}.Debug|x86.ActiveCfg = Debug|Any CPU
		{85BA06BB-5CF9-4932-9898-A78D11F898F5}.Release|Any CPU.ActiveCfg = Release|Any CPU
		{85BA06BB-5CF9-4932-9898-A78D11F898F5}.Release|Any CPU.Build.0 = Release|Any CPU
		{85BA06BB-5CF9-4932-9898-A78D11F898F5}.Release|Mixed Platforms.ActiveCfg = Release|Any CPU
		{85BA06BB-5CF9-4932-9898-A78D11F898F5}.Release|Mixed Platforms.Build.0 = Release|Any CPU
		{85BA06BB-5CF9-4932-9898-A78D11F898F5}.Release|Win32.ActiveCfg = Release|Any CPU
		{85BA06BB-5CF9-4932-9898-A78D11F898F5}.Release|x86.ActiveCfg = Release|Any CPU
		{CB6E14D8-8EA2-49FF-92CA-293238C918D5}.Debug|Any CPU.ActiveCfg = Debug|Any CPU
		{CB6E14D8-8EA2-49FF-92CA-293238C918D5}.Debug|Any CPU.Build.0 = Debug|Any CPU
		{CB6E14D8-8EA2-49FF-92CA-293238C918D5}.Debug|Mixed Platforms.ActiveCfg = Debug|Any CPU
		{CB6E14D8-8EA2-49FF-92CA-293238C918D5}.Debug|Mixed Platforms.Build.0 = Debug|Any CPU
		{CB6E14D8-8EA2-49FF-92CA-293238C918D5}.Debug|Win32.ActiveCfg = Debug|Any CPU
		{CB6E14D8-8EA2-49FF-92CA-293238C918D5}.Debug|x86.ActiveCfg = Debug|Any CPU
		{CB6E14D8-8EA2-49FF-92CA-293238C918D5}.Release|Any CPU.ActiveCfg = Release|Any CPU
		{CB6E14D8-8EA2-49FF-92CA-293238C918D5}.Release|Any CPU.Build.0 = Release|Any CPU
		{CB6E14D8-8EA2-49FF-92CA-293238C918D5}.Release|Mixed Platforms.ActiveCfg = Release|Any CPU
		{CB6E14D8-8EA2-49FF-92CA-293238C918D5}.Release|Mixed Platforms.Build.0 = Release|Any CPU
		{CB6E14D8-8EA2-49FF-92CA-293238C918D5}.Release|Win32.ActiveCfg = Release|Any CPU
		{CB6E14D8-8EA2-49FF-92CA-293238C918D5}.Release|x86.ActiveCfg = Release|Any CPU
		{322C50F5-78CB-419D-B558-C3D660382388}.Debug|Any CPU.ActiveCfg = Debug|x86
		{322C50F5-78CB-419D-B558-C3D660382388}.Debug|Mixed Platforms.ActiveCfg = Debug|x86
		{322C50F5-78CB-419D-B558-C3D660382388}.Debug|Mixed Platforms.Build.0 = Debug|x86
		{322C50F5-78CB-419D-B558-C3D660382388}.Debug|Win32.ActiveCfg = Debug|x86
		{322C50F5-78CB-419D-B558-C3D660382388}.Debug|x86.ActiveCfg = Debug|x86
		{322C50F5-78CB-419D-B558-C3D660382388}.Debug|x86.Build.0 = Debug|x86
		{322C50F5-78CB-419D-B558-C3D660382388}.Release|Any CPU.ActiveCfg = Release|x86
		{322C50F5-78CB-419D-B558-C3D660382388}.Release|Mixed Platforms.ActiveCfg = Release|x86
		{322C50F5-78CB-419D-B558-C3D660382388}.Release|Mixed Platforms.Build.0 = Release|x86
		{322C50F5-78CB-419D-B558-C3D660382388}.Release|Win32.ActiveCfg = Release|x86
		{322C50F5-78CB-419D-B558-C3D660382388}.Release|x86.ActiveCfg = Release|x86
		{322C50F5-78CB-419D-B558-C3D660382388}.Release|x86.Build.0 = Release|x86
		{A309347D-1067-42C4-9637-9E710E16FEEA}.Debug|Any CPU.ActiveCfg = Debug|Win32
		{A309347D-1067-42C4-9637-9E710E16FEEA}.Debug|Mixed Platforms.ActiveCfg = Debug|Win32
		{A309347D-1067-42C4-9637-9E710E16FEEA}.Debug|Mixed Platforms.Build.0 = Debug|Win32
		{A309347D-1067-42C4-9637-9E710E16FEEA}.Debug|Win32.ActiveCfg = Debug|Win32
		{A309347D-1067-42C4-9637-9E710E16FEEA}.Debug|Win32.Build.0 = Debug|Win32
		{A309347D-1067-42C4-9637-9E710E16FEEA}.Debug|x86.ActiveCfg = Debug|Win32
		{A309347D-1067-42C4-9637-9E710E16FEEA}.Release|Any CPU.ActiveCfg = Release|Win32
		{A309347D-1067-42C4-9637-9E710E16FEEA}.Release|Mixed Platforms.ActiveCfg = Release|Win32
		{A309347D-1067-42C4-9637-9E710E16FEEA}.Release|Mixed Platforms.Build.0 = Release|Win32
		{A309347D-1067-42C4-9637-9E710E16FEEA}.Release|Win32.ActiveCfg = Release|Win32
		{A309347D-1067-42C4-9637-9E710E16FEEA}.Release|Win32.Build.0 = Release|Win32
		{A309347D-1067-42C4-9637-9E710E16FEEA}.Release|x86.ActiveCfg = Release|Win32
	EndGlobalSection
	GlobalSection(SolutionProperties) = preSolution
		HideSolutionNode = FALSE
	EndGlobalSection
EndGlobal
