<?xml version="1.0" encoding="utf-8"?>
<Project ToolsVersion="4.0" xmlns="http://schemas.microsoft.com/developer/msbuild/2003">
  <ItemGroup>
    <Filter Include="Source Files">
      <UniqueIdentifier>{4FC737F1-C7A5-4376-A066-2A32D752A2FF}</UniqueIdentifier>
      <Extensions>cpp;c;cc;cxx;def;odl;idl;hpj;bat;asm;asmx</Extensions>
    </Filter>
    <Filter Include="Source Files\Script">
      <UniqueIdentifier>{5ce23f78-da87-4dd9-a5ec-0190cf6157b4}</UniqueIdentifier>
    </Filter>
    <Filter Include="Source Files\Script\Collections">
      <UniqueIdentifier>{d16696cb-a160-4198-8a18-f070f9a1c9cf}</UniqueIdentifier>
    </Filter>
    <Filter Include="Source Files\Script\Bindings">
      <UniqueIdentifier>{c7e94afd-a235-47bd-8e28-55e614850113}</UniqueIdentifier>
    </Filter>
    <Filter Include="Source Files\Script\Compiler">
      <UniqueIdentifier>{8fcb4ce4-6771-44d6-bfc5-9dc9d3ef1fc4}</UniqueIdentifier>
    </Filter>
    <Filter Include="Source Files\Tile">
      <UniqueIdentifier>{89cf6387-6450-4701-b4b3-a6081d326e65}</UniqueIdentifier>
    </Filter>
    <Filter Include="Source Files\Database">
      <UniqueIdentifier>{510f9d0e-c869-4e71-bbef-9f898e561e19}</UniqueIdentifier>
    </Filter>
    <Filter Include="Source Files\Shmup">
      <UniqueIdentifier>{580d5032-2589-47f5-80cd-9414396aa70d}</UniqueIdentifier>
    </Filter>
    <Filter Include="Source Files\Util">
      <UniqueIdentifier>{4f400a4c-f141-48f1-928c-f0f8f2116e7d}</UniqueIdentifier>
    </Filter>
    <Filter Include="Source Files\Screens">
      <UniqueIdentifier>{fcc34ee2-1e9e-4cfc-8135-f4e74575b1ee}</UniqueIdentifier>
    </Filter>
    <Filter Include="Header Files">
      <UniqueIdentifier>{93995380-89BD-4b04-88EB-625FBE52EBFB}</UniqueIdentifier>
      <Extensions>h;hpp;hxx;hm;inl;inc;xsd</Extensions>
    </Filter>
    <Filter Include="Header Files\Script">
      <UniqueIdentifier>{fb74e512-7dbd-486b-90e6-59a83ac578cc}</UniqueIdentifier>
    </Filter>
    <Filter Include="Header Files\Script\Collections">
      <UniqueIdentifier>{b2323c5b-cb57-4dac-b589-0c95f748e7a9}</UniqueIdentifier>
    </Filter>
    <Filter Include="Header Files\Script\Compiler">
      <UniqueIdentifier>{1cb6e370-d4a8-43c1-aa01-c6e296efbd0a}</UniqueIdentifier>
    </Filter>
    <Filter Include="Header Files\Script\Bindings">
      <UniqueIdentifier>{b5167c3f-16c8-41a3-81e9-2efea9f6304a}</UniqueIdentifier>
    </Filter>
    <Filter Include="Header Files\Tile">
      <UniqueIdentifier>{9aa833a2-6320-4d99-88aa-cda8ec61a5f7}</UniqueIdentifier>
    </Filter>
    <Filter Include="Header Files\Database">
      <UniqueIdentifier>{d4612de9-a376-4501-a30c-fe80824c9a4a}</UniqueIdentifier>
    </Filter>
    <Filter Include="Header Files\Shmup">
      <UniqueIdentifier>{ab0ac195-b002-4bde-bc91-571e9f1489e7}</UniqueIdentifier>
    </Filter>
    <Filter Include="Header Files\Util">
      <UniqueIdentifier>{5d991d59-452f-4ab1-9bde-ca43800099ef}</UniqueIdentifier>
    </Filter>
    <Filter Include="Resource Files">
      <UniqueIdentifier>{67DA6AB6-F800-4c08-8B7A-83BB121AAD01}</UniqueIdentifier>
      <Extensions>rc;ico;cur;bmp;dlg;rc2;rct;bin;rgs;gif;jpg;jpeg;jpe;resx;tiff;tif;png;wav</Extensions>
    </Filter>
  </ItemGroup>
  <ItemGroup>
    <ClCompile Include="src\AttributeFlags.cpp">
      <Filter>Source Files</Filter>
    </ClCompile>
    <ClCompile Include="src\Attributes.cpp">
      <Filter>Source Files</Filter>
    </ClCompile>
    <ClCompile Include="src\ConfigFile.cpp">
      <Filter>Source Files</Filter>
    </ClCompile>
    <ClCompile Include="src\Equipment.cpp">
      <Filter>Source Files</Filter>
    </ClCompile>
    <ClCompile Include="src\Game.cpp">
      <Filter>Source Files</Filter>
    </ClCompile>
    <ClCompile Include="src\Inventory.cpp">
      <Filter>Source Files</Filter>
    </ClCompile>
    <ClCompile Include="src\InventoryItem.cpp">
      <Filter>Source Files</Filter>
    </ClCompile>
    <ClCompile Include="src\ItemDrop.cpp">
      <Filter>Source Files</Filter>
    </ClCompile>
    <ClCompile Include="src\RenderEngine.cpp">
      <Filter>Source Files</Filter>
    </ClCompile>
    <ClCompile Include="src\ResourceManager.cpp">
      <Filter>Source Files</Filter>
    </ClCompile>
    <ClCompile Include="src\Rpg.cpp">
      <Filter>Source Files</Filter>
    </ClCompile>
    <ClCompile Include="src\SpellBook.cpp">
      <Filter>Source Files</Filter>
    </ClCompile>
    <ClCompile Include="src\Script\Bytecode.cpp">
      <Filter>Source Files\Script</Filter>
    </ClCompile>
    <ClCompile Include="src\Script\ContextPool.cpp">
      <Filter>Source Files\Script</Filter>
    </ClCompile>
    <ClCompile Include="src\Script\ScriptClass.cpp">
      <Filter>Source Files\Script</Filter>
    </ClCompile>
    <ClCompile Include="src\Script\ScriptEngine.cpp">
      <Filter>Source Files\Script</Filter>
    </ClCompile>
    <ClCompile Include="src\Script\ScriptGarbage.cpp">
      <Filter>Source Files\Script</Filter>
    </ClCompile>
    <ClCompile Include="src\Script\ScriptObject.cpp">
      <Filter>Source Files\Script</Filter>
    </ClCompile>
    <ClCompile Include="src\Script\asArray.cpp">
      <Filter>Source Files\Script\Collections</Filter>
    </ClCompile>
    <ClCompile Include="src\Script\asArrayTemplate.cpp">
      <Filter>Source Files\Script\Collections</Filter>
    </ClCompile>
    <ClCompile Include="src\Script\asScriptTemplate.cpp">
      <Filter>Source Files\Script\Collections</Filter>
    </ClCompile>
    <ClCompile Include="src\Script\asString.cpp">
      <Filter>Source Files\Script\Collections</Filter>
    </ClCompile>
    <ClCompile Include="src\Script\asVector.cpp">
      <Filter>Source Files\Script\Collections</Filter>
    </ClCompile>
    <ClCompile Include="src\Script\asVectorTemplate.cpp">
      <Filter>Source Files\Script\Collections</Filter>
    </ClCompile>
    <ClCompile Include="src\Script\asGameInterface.cpp">
      <Filter>Source Files\Script\Bindings</Filter>
    </ClCompile>
    <ClCompile Include="src\Script\asGlobalInterface.cpp">
      <Filter>Source Files\Script\Bindings</Filter>
    </ClCompile>
    <ClCompile Include="src\Script\asGraphicsInterface.cpp">
      <Filter>Source Files\Script\Bindings</Filter>
    </ClCompile>
    <ClCompile Include="src\Script\asGuiInterface.cpp">
      <Filter>Source Files\Script\Bindings</Filter>
    </ClCompile>
    <ClCompile Include="src\Script\asInputInterface.cpp">
      <Filter>Source Files\Script\Bindings</Filter>
    </ClCompile>
    <ClCompile Include="src\Script\asMathInterface.cpp">
      <Filter>Source Files\Script\Bindings</Filter>
    </ClCompile>
    <ClCompile Include="src\Script\asSoundInterface.cpp">
      <Filter>Source Files\Script\Bindings</Filter>
    </ClCompile>
    <ClCompile Include="src\Script\Compiler.cpp">
      <Filter>Source Files\Script\Compiler</Filter>
    </ClCompile>
    <ClCompile Include="src\Script\PostProcessor.cpp">
      <Filter>Source Files\Script\Compiler</Filter>
    </ClCompile>
    <ClCompile Include="src\Script\Preprocessor.cpp">
      <Filter>Source Files\Script\Compiler</Filter>
    </ClCompile>
    <ClCompile Include="src\Tile\Map.cpp">
      <Filter>Source Files\Tile</Filter>
    </ClCompile>
    <ClCompile Include="src\Tile\MapLayer.cpp">
      <Filter>Source Files\Tile</Filter>
    </ClCompile>
    <ClCompile Include="src\Tile\Tile.cpp">
      <Filter>Source Files\Tile</Filter>
    </ClCompile>
    <ClCompile Include="src\Tile\Tileset.cpp">
      <Filter>Source Files\Tile</Filter>
    </ClCompile>
    <ClCompile Include="src\Tile\TilesetManager.cpp">
      <Filter>Source Files\Tile</Filter>
    </ClCompile>
    <ClCompile Include="src\AttributeData.cpp">
      <Filter>Source Files\Database</Filter>
    </ClCompile>
    <ClCompile Include="src\CharacterClass.cpp">
      <Filter>Source Files\Database</Filter>
    </ClCompile>
    <ClCompile Include="src\Database.cpp">
      <Filter>Source Files\Database</Filter>
    </ClCompile>
    <ClCompile Include="src\EncounterData.cpp">
      <Filter>Source Files\Database</Filter>
    </ClCompile>
    <ClCompile Include="src\ItemData.cpp">
      <Filter>Source Files\Database</Filter>
    </ClCompile>
    <ClCompile Include="src\MonsterData.cpp">
      <Filter>Source Files\Database</Filter>
    </ClCompile>
    <ClCompile Include="src\MonsterPartyData.cpp">
      <Filter>Source Files\Database</Filter>
    </ClCompile>
    <ClCompile Include="src\SpellData.cpp">
      <Filter>Source Files\Database</Filter>
    </ClCompile>
    <ClCompile Include="src\Shmup\BulletManager.cpp">
      <Filter>Source Files\Shmup</Filter>
    </ClCompile>
    <ClCompile Include="src\Util\Serialization.cpp">
      <Filter>Source Files\Util</Filter>
    </ClCompile>
    <ClCompile Include="src\GameScreen.cpp">
      <Filter>Source Files\Screens</Filter>
    </ClCompile>
    <ClCompile Include="src\Screen.cpp">
      <Filter>Source Files\Screens</Filter>
    </ClCompile>
    <ClCompile Include="src\ScreenManager.cpp">
      <Filter>Source Files\Screens</Filter>
    </ClCompile>
  </ItemGroup>
  <ItemGroup>
    <ClInclude Include="src\AttributeFlags.h">
      <Filter>Header Files</Filter>
    </ClInclude>
    <ClInclude Include="src\Attributes.h">
      <Filter>Header Files</Filter>
    </ClInclude>
    <ClInclude Include="src\AttributeStrings.h">
      <Filter>Header Files</Filter>
    </ClInclude>
    <ClInclude Include="src\Common.h">
      <Filter>Header Files</Filter>
    </ClInclude>
    <ClInclude Include="src\ConfigFile.h">
      <Filter>Header Files</Filter>
    </ClInclude>
    <ClInclude Include="src\Entity.h">
      <Filter>Header Files</Filter>
    </ClInclude>
    <ClInclude Include="src\Equipment.h">
      <Filter>Header Files</Filter>
    </ClInclude>
    <ClInclude Include="src\FixedAttributeArray.h">
      <Filter>Header Files</Filter>
    </ClInclude>
    <ClInclude Include="src\Game.h">
      <Filter>Header Files</Filter>
    </ClInclude>
    <ClInclude Include="src\GameScreen.h">
      <Filter>Header Files</Filter>
    </ClInclude>
    <ClInclude Include="src\Inventory.h">
      <Filter>Header Files</Filter>
    </ClInclude>
    <ClInclude Include="src\InventoryItem.h">
      <Filter>Header Files</Filter>
    </ClInclude>
    <ClInclude Include="src\ItemDrop.h">
      <Filter>Header Files</Filter>
    </ClInclude>
    <ClInclude Include="src\Object.h">
      <Filter>Header Files</Filter>
    </ClInclude>
    <ClInclude Include="src\RenderEngine.h">
      <Filter>Header Files</Filter>
    </ClInclude>
    <ClInclude Include="src\ResourceManager.h">
      <Filter>Header Files</Filter>
    </ClInclude>
    <ClInclude Include="src\Screen.h">
      <Filter>Header Files</Filter>
    </ClInclude>
    <ClInclude Include="src\ScreenManager.h">
      <Filter>Header Files</Filter>
    </ClInclude>
    <ClInclude Include="src\SpellBook.h">
      <Filter>Header Files</Filter>
    </ClInclude>
    <ClInclude Include="src\Script\Bytecode.h">
      <Filter>Header Files\Script</Filter>
    </ClInclude>
    <ClInclude Include="src\Script\Common.h">
      <Filter>Header Files\Script</Filter>
    </ClInclude>
    <ClInclude Include="src\Script\ContextPool.h">
      <Filter>Header Files\Script</Filter>
    </ClInclude>
    <ClInclude Include="src\Script\ScriptClass.h">
      <Filter>Header Files\Script</Filter>
    </ClInclude>
    <ClInclude Include="src\Script\ScriptEngine.h">
      <Filter>Header Files\Script</Filter>
    </ClInclude>
    <ClInclude Include="src\Script\ScriptGarbage.h">
      <Filter>Header Files\Script</Filter>
    </ClInclude>
    <ClInclude Include="src\Script\ScriptObject.h">
      <Filter>Header Files\Script</Filter>
    </ClInclude>
    <ClInclude Include="src\Script\asArray.h">
      <Filter>Header Files\Script\Collections</Filter>
    </ClInclude>
    <ClInclude Include="src\Script\asArrayTemplate.h">
      <Filter>Header Files\Script\Collections</Filter>
    </ClInclude>
    <ClInclude Include="src\Script\asScriptTemplate.h">
      <Filter>Header Files\Script\Collections</Filter>
    </ClInclude>
    <ClInclude Include="src\Script\asVector.h">
      <Filter>Header Files\Script\Collections</Filter>
    </ClInclude>
    <ClInclude Include="src\Script\asVectorTemplate.h">
      <Filter>Header Files\Script\Collections</Filter>
    </ClInclude>
    <ClInclude Include="src\Script\Compiler.h">
      <Filter>Header Files\Script\Compiler</Filter>
    </ClInclude>
    <ClInclude Include="src\Script\PostProcessor.h">
      <Filter>Header Files\Script\Compiler</Filter>
    </ClInclude>
    <ClInclude Include="src\Script\Preprocessor.h">
      <Filter>Header Files\Script\Compiler</Filter>
    </ClInclude>
    <ClInclude Include="src\Script\asBindUtil.h">
      <Filter>Header Files\Script\Bindings</Filter>
    </ClInclude>
    <ClInclude Include="src\Tile\CollisionLayer.h">
      <Filter>Header Files\Tile</Filter>
    </ClInclude>
    <ClInclude Include="src\Tile\Map.h">
      <Filter>Header Files\Tile</Filter>
    </ClInclude>
    <ClInclude Include="src\Tile\MapLayer.h">
      <Filter>Header Files\Tile</Filter>
    </ClInclude>
    <ClInclude Include="src\Tile\MapProperties.h">
      <Filter>Header Files\Tile</Filter>
    </ClInclude>
    <ClInclude Include="src\Tile\Tile.h">
      <Filter>Header Files\Tile</Filter>
    </ClInclude>
    <ClInclude Include="src\Tile\TileProperties.h">
      <Filter>Header Files\Tile</Filter>
    </ClInclude>
    <ClInclude Include="src\Tile\Tileset.h">
      <Filter>Header Files\Tile</Filter>
    </ClInclude>
    <ClInclude Include="src\Tile\TilesetManager.h">
      <Filter>Header Files\Tile</Filter>
    </ClInclude>
    <ClInclude Include="src\AttributeData.h">
      <Filter>Header Files\Database</Filter>
    </ClInclude>
    <ClInclude Include="src\CharacterClass.h">
      <Filter>Header Files\Database</Filter>
    </ClInclude>
    <ClInclude Include="src\Database.h">
      <Filter>Header Files\Database</Filter>
    </ClInclude>
    <ClInclude Include="src\DataList.h">
      <Filter>Header Files\Database</Filter>
    </ClInclude>
    <ClInclude Include="src\EncounterData.h">
      <Filter>Header Files\Database</Filter>
    </ClInclude>
    <ClInclude Include="src\ItemData.h">
      <Filter>Header Files\Database</Filter>
    </ClInclude>
    <ClInclude Include="src\MonsterData.h">
      <Filter>Header Files\Database</Filter>
    </ClInclude>
    <ClInclude Include="src\MonsterPartyData.h">
      <Filter>Header Files\Database</Filter>
    </ClInclude>
    <ClInclude Include="src\SpellData.h">
      <Filter>Header Files\Database</Filter>
    </ClInclude>
    <ClInclude Include="src\Shmup\Bullet.h">
      <Filter>Header Files\Shmup</Filter>
    </ClInclude>
    <ClInclude Include="src\Shmup\BulletManager.h">
      <Filter>Header Files\Shmup</Filter>
    </ClInclude>
    <ClInclude Include="src\Shmup\BulletPool.h">
      <Filter>Header Files\Shmup</Filter>
    </ClInclude>
    <ClInclude Include="src\Shmup\PODBullet.h">
      <Filter>Header Files\Shmup</Filter>
    </ClInclude>
    <ClInclude Include="src\Shmup\PODBulletManager.h">
      <Filter>Header Files\Shmup</Filter>
    </ClInclude>
    <ClInclude Include="src\Util\Serialization.h">
      <Filter>Header Files\Util</Filter>
    </ClInclude>
  </ItemGroup>
</Project>