
Microsoft Visual Studio Solution File, Format Version 10.00
# Visual Studio 2008
Project("{8BC9CEB8-8B4A-11D0-8D11-00A0C91BC942}") = "Rpg", "Rpg\Rpg 2008.vcproj", "{E92EC01E-0F58-45A1-97A0-9C0600830480}"
EndProject
Project("{8BC9CEB8-8B4A-11D0-8D11-00A0C91BC942}") = "RpgLibrary", "RpgLibrary\build\vs2008\RpgLibrary.vcproj", "{BE7D9EE6-B32E-4CAA-BF9D-FD031043A7D2}"
EndProject
Project("{8BC9CEB8-8B4A-11D0-8D11-00A0C91BC942}") = "ce-core", "Engine\build\vs2008\ce-core.vcproj", "{8896BFA8-8888-4A61-8225-683568711CD1}"
EndProject
Project("{8BC9CEB8-8B4A-11D0-8D11-00A0C91BC942}") = "ce-gui", "Engine\build\vs2008\ce-gui.vcproj", "{51BD937C-A915-4421-8CE5-CAF0933B68C4}"
EndProject
Project("{8BC9CEB8-8B4A-11D0-8D11-00A0C91BC942}") = "ce-particle", "Engine\build\vs2008\ce-particle.vcproj", "{BCAB3BDD-344A-4ECB-83D9-51BDFB86957A}"
EndProject
Project("{8BC9CEB8-8B4A-11D0-8D11-00A0C91BC942}") = "ce-sound", "Engine\build\vs2008\ce-sound.vcproj", "{9557A9DF-F752-4983-88CA-CAD03F01905F}"
EndProject
Project("{8BC9CEB8-8B4A-11D0-8D11-00A0C91BC942}") = "ce-system", "Engine\build\vs2008\ce-system.vcproj", "{92E877D2-1F0F-4265-8041-005ED766955C}"
EndProject
Project("{FAE04EC0-301F-11D3-BF4B-00C04F79EFBC}") = "Framework", "Framework\Framework.csproj", "{8BA79F4C-A72E-43D8-9964-ED18F64F21EE}"
EndProject
Project("{FAE04EC0-301F-11D3-BF4B-00C04F79EFBC}") = "Tetris", "Tetris\Tetris.csproj", "{20EE72BE-B028-4D3C-A1D5-0F3767D19821}"
EndProject
Project("{FAE04EC0-301F-11D3-BF4B-00C04F79EFBC}") = "RpgScripts", "RpgScripts\RpgScripts.csproj", "{6D8A9D10-BB44-4B06-8F1A-CA3BE04DF282}"
EndProject
Global
	GlobalSection(SolutionConfigurationPlatforms) = preSolution
		Debug|Any CPU = Debug|Any CPU
		Debug|Mixed Platforms = Debug|Mixed Platforms
		Debug|Win32 = Debug|Win32
		Release|Any CPU = Release|Any CPU
		Release|Mixed Platforms = Release|Mixed Platforms
		Release|Win32 = Release|Win32
	EndGlobalSection
	GlobalSection(ProjectConfigurationPlatforms) = postSolution
		{E92EC01E-0F58-45A1-97A0-9C0600830480}.Debug|Any CPU.ActiveCfg = Debug|Win32
		{E92EC01E-0F58-45A1-97A0-9C0600830480}.Debug|Mixed Platforms.ActiveCfg = Debug|Win32
		{E92EC01E-0F58-45A1-97A0-9C0600830480}.Debug|Mixed Platforms.Build.0 = Debug|Win32
		{E92EC01E-0F58-45A1-97A0-9C0600830480}.Debug|Win32.ActiveCfg = Debug|Win32
		{E92EC01E-0F58-45A1-97A0-9C0600830480}.Debug|Win32.Build.0 = Debug|Win32
		{E92EC01E-0F58-45A1-97A0-9C0600830480}.Release|Any CPU.ActiveCfg = Release|Win32
		{E92EC01E-0F58-45A1-97A0-9C0600830480}.Release|Mixed Platforms.ActiveCfg = Release|Win32
		{E92EC01E-0F58-45A1-97A0-9C0600830480}.Release|Mixed Platforms.Build.0 = Release|Win32
		{E92EC01E-0F58-45A1-97A0-9C0600830480}.Release|Win32.ActiveCfg = Release|Win32
		{E92EC01E-0F58-45A1-97A0-9C0600830480}.Release|Win32.Build.0 = Release|Win32
		{BE7D9EE6-B32E-4CAA-BF9D-FD031043A7D2}.Debug|Any CPU.ActiveCfg = Debug|Win32
		{BE7D9EE6-B32E-4CAA-BF9D-FD031043A7D2}.Debug|Mixed Platforms.ActiveCfg = Debug|Win32
		{BE7D9EE6-B32E-4CAA-BF9D-FD031043A7D2}.Debug|Mixed Platforms.Build.0 = Debug|Win32
		{BE7D9EE6-B32E-4CAA-BF9D-FD031043A7D2}.Debug|Win32.ActiveCfg = Debug|Win32
		{BE7D9EE6-B32E-4CAA-BF9D-FD031043A7D2}.Debug|Win32.Build.0 = Debug|Win32
		{BE7D9EE6-B32E-4CAA-BF9D-FD031043A7D2}.Release|Any CPU.ActiveCfg = Release|Win32
		{BE7D9EE6-B32E-4CAA-BF9D-FD031043A7D2}.Release|Mixed Platforms.ActiveCfg = Release|Win32
		{BE7D9EE6-B32E-4CAA-BF9D-FD031043A7D2}.Release|Mixed Platforms.Build.0 = Release|Win32
		{BE7D9EE6-B32E-4CAA-BF9D-FD031043A7D2}.Release|Win32.ActiveCfg = Release|Win32
		{BE7D9EE6-B32E-4CAA-BF9D-FD031043A7D2}.Release|Win32.Build.0 = Release|Win32
		{8896BFA8-8888-4A61-8225-683568711CD1}.Debug|Any CPU.ActiveCfg = Debug|Win32
		{8896BFA8-8888-4A61-8225-683568711CD1}.Debug|Mixed Platforms.ActiveCfg = Debug|Win32
		{8896BFA8-8888-4A61-8225-683568711CD1}.Debug|Mixed Platforms.Build.0 = Debug|Win32
		{8896BFA8-8888-4A61-8225-683568711CD1}.Debug|Win32.ActiveCfg = Debug|Win32
		{8896BFA8-8888-4A61-8225-683568711CD1}.Debug|Win32.Build.0 = Debug|Win32
		{8896BFA8-8888-4A61-8225-683568711CD1}.Release|Any CPU.ActiveCfg = Release|Win32
		{8896BFA8-8888-4A61-8225-683568711CD1}.Release|Mixed Platforms.ActiveCfg = Release|Win32
		{8896BFA8-8888-4A61-8225-683568711CD1}.Release|Mixed Platforms.Build.0 = Release|Win32
		{8896BFA8-8888-4A61-8225-683568711CD1}.Release|Win32.ActiveCfg = Release|Win32
		{8896BFA8-8888-4A61-8225-683568711CD1}.Release|Win32.Build.0 = Release|Win32
		{51BD937C-A915-4421-8CE5-CAF0933B68C4}.Debug|Any CPU.ActiveCfg = Debug|Win32
		{51BD937C-A915-4421-8CE5-CAF0933B68C4}.Debug|Mixed Platforms.ActiveCfg = Debug|Win32
		{51BD937C-A915-4421-8CE5-CAF0933B68C4}.Debug|Mixed Platforms.Build.0 = Debug|Win32
		{51BD937C-A915-4421-8CE5-CAF0933B68C4}.Debug|Win32.ActiveCfg = Debug|Win32
		{51BD937C-A915-4421-8CE5-CAF0933B68C4}.Debug|Win32.Build.0 = Debug|Win32
		{51BD937C-A915-4421-8CE5-CAF0933B68C4}.Release|Any CPU.ActiveCfg = Release|Win32
		{51BD937C-A915-4421-8CE5-CAF0933B68C4}.Release|Mixed Platforms.ActiveCfg = Release|Win32
		{51BD937C-A915-4421-8CE5-CAF0933B68C4}.Release|Mixed Platforms.Build.0 = Release|Win32
		{51BD937C-A915-4421-8CE5-CAF0933B68C4}.Release|Win32.ActiveCfg = Release|Win32
		{51BD937C-A915-4421-8CE5-CAF0933B68C4}.Release|Win32.Build.0 = Release|Win32
		{BCAB3BDD-344A-4ECB-83D9-51BDFB86957A}.Debug|Any CPU.ActiveCfg = Debug|Win32
		{BCAB3BDD-344A-4ECB-83D9-51BDFB86957A}.Debug|Mixed Platforms.ActiveCfg = Debug|Win32
		{BCAB3BDD-344A-4ECB-83D9-51BDFB86957A}.Debug|Mixed Platforms.Build.0 = Debug|Win32
		{BCAB3BDD-344A-4ECB-83D9-51BDFB86957A}.Debug|Win32.ActiveCfg = Debug|Win32
		{BCAB3BDD-344A-4ECB-83D9-51BDFB86957A}.Debug|Win32.Build.0 = Debug|Win32
		{BCAB3BDD-344A-4ECB-83D9-51BDFB86957A}.Release|Any CPU.ActiveCfg = Release|Win32
		{BCAB3BDD-344A-4ECB-83D9-51BDFB86957A}.Release|Mixed Platforms.ActiveCfg = Release|Win32
		{BCAB3BDD-344A-4ECB-83D9-51BDFB86957A}.Release|Mixed Platforms.Build.0 = Release|Win32
		{BCAB3BDD-344A-4ECB-83D9-51BDFB86957A}.Release|Win32.ActiveCfg = Release|Win32
		{BCAB3BDD-344A-4ECB-83D9-51BDFB86957A}.Release|Win32.Build.0 = Release|Win32
		{9557A9DF-F752-4983-88CA-CAD03F01905F}.Debug|Any CPU.ActiveCfg = Debug|Win32
		{9557A9DF-F752-4983-88CA-CAD03F01905F}.Debug|Mixed Platforms.ActiveCfg = Debug|Win32
		{9557A9DF-F752-4983-88CA-CAD03F01905F}.Debug|Mixed Platforms.Build.0 = Debug|Win32
		{9557A9DF-F752-4983-88CA-CAD03F01905F}.Debug|Win32.ActiveCfg = Debug|Win32
		{9557A9DF-F752-4983-88CA-CAD03F01905F}.Debug|Win32.Build.0 = Debug|Win32
		{9557A9DF-F752-4983-88CA-CAD03F01905F}.Release|Any CPU.ActiveCfg = Release|Win32
		{9557A9DF-F752-4983-88CA-CAD03F01905F}.Release|Mixed Platforms.ActiveCfg = Release|Win32
		{9557A9DF-F752-4983-88CA-CAD03F01905F}.Release|Mixed Platforms.Build.0 = Release|Win32
		{9557A9DF-F752-4983-88CA-CAD03F01905F}.Release|Win32.ActiveCfg = Release|Win32
		{9557A9DF-F752-4983-88CA-CAD03F01905F}.Release|Win32.Build.0 = Release|Win32
		{92E877D2-1F0F-4265-8041-005ED766955C}.Debug|Any CPU.ActiveCfg = Debug|Win32
		{92E877D2-1F0F-4265-8041-005ED766955C}.Debug|Mixed Platforms.ActiveCfg = Debug|Win32
		{92E877D2-1F0F-4265-8041-005ED766955C}.Debug|Mixed Platforms.Build.0 = Debug|Win32
		{92E877D2-1F0F-4265-8041-005ED766955C}.Debug|Win32.ActiveCfg = Debug|Win32
		{92E877D2-1F0F-4265-8041-005ED766955C}.Debug|Win32.Build.0 = Debug|Win32
		{92E877D2-1F0F-4265-8041-005ED766955C}.Release|Any CPU.ActiveCfg = Release|Win32
		{92E877D2-1F0F-4265-8041-005ED766955C}.Release|Mixed Platforms.ActiveCfg = Release|Win32
		{92E877D2-1F0F-4265-8041-005ED766955C}.Release|Mixed Platforms.Build.0 = Release|Win32
		{92E877D2-1F0F-4265-8041-005ED766955C}.Release|Win32.ActiveCfg = Release|Win32
		{92E877D2-1F0F-4265-8041-005ED766955C}.Release|Win32.Build.0 = Release|Win32
		{8BA79F4C-A72E-43D8-9964-ED18F64F21EE}.Debug|Any CPU.ActiveCfg = Debug|Any CPU
		{8BA79F4C-A72E-43D8-9964-ED18F64F21EE}.Debug|Any CPU.Build.0 = Debug|Any CPU
		{8BA79F4C-A72E-43D8-9964-ED18F64F21EE}.Debug|Mixed Platforms.ActiveCfg = Debug|Any CPU
		{8BA79F4C-A72E-43D8-9964-ED18F64F21EE}.Debug|Mixed Platforms.Build.0 = Debug|Any CPU
		{8BA79F4C-A72E-43D8-9964-ED18F64F21EE}.Debug|Win32.ActiveCfg = Debug|Any CPU
		{8BA79F4C-A72E-43D8-9964-ED18F64F21EE}.Release|Any CPU.ActiveCfg = Release|Any CPU
		{8BA79F4C-A72E-43D8-9964-ED18F64F21EE}.Release|Any CPU.Build.0 = Release|Any CPU
		{8BA79F4C-A72E-43D8-9964-ED18F64F21EE}.Release|Mixed Platforms.ActiveCfg = Release|Any CPU
		{8BA79F4C-A72E-43D8-9964-ED18F64F21EE}.Release|Mixed Platforms.Build.0 = Release|Any CPU
		{8BA79F4C-A72E-43D8-9964-ED18F64F21EE}.Release|Win32.ActiveCfg = Release|Any CPU
		{20EE72BE-B028-4D3C-A1D5-0F3767D19821}.Debug|Any CPU.ActiveCfg = Debug|Any CPU
		{20EE72BE-B028-4D3C-A1D5-0F3767D19821}.Debug|Any CPU.Build.0 = Debug|Any CPU
		{20EE72BE-B028-4D3C-A1D5-0F3767D19821}.Debug|Mixed Platforms.ActiveCfg = Debug|Any CPU
		{20EE72BE-B028-4D3C-A1D5-0F3767D19821}.Debug|Mixed Platforms.Build.0 = Debug|Any CPU
		{20EE72BE-B028-4D3C-A1D5-0F3767D19821}.Debug|Win32.ActiveCfg = Debug|Any CPU
		{20EE72BE-B028-4D3C-A1D5-0F3767D19821}.Release|Any CPU.ActiveCfg = Release|Any CPU
		{20EE72BE-B028-4D3C-A1D5-0F3767D19821}.Release|Any CPU.Build.0 = Release|Any CPU
		{20EE72BE-B028-4D3C-A1D5-0F3767D19821}.Release|Mixed Platforms.ActiveCfg = Release|Any CPU
		{20EE72BE-B028-4D3C-A1D5-0F3767D19821}.Release|Mixed Platforms.Build.0 = Release|Any CPU
		{20EE72BE-B028-4D3C-A1D5-0F3767D19821}.Release|Win32.ActiveCfg = Release|Any CPU
		{6D8A9D10-BB44-4B06-8F1A-CA3BE04DF282}.Debug|Any CPU.ActiveCfg = Debug|Any CPU
		{6D8A9D10-BB44-4B06-8F1A-CA3BE04DF282}.Debug|Any CPU.Build.0 = Debug|Any CPU
		{6D8A9D10-BB44-4B06-8F1A-CA3BE04DF282}.Debug|Mixed Platforms.ActiveCfg = Debug|Any CPU
		{6D8A9D10-BB44-4B06-8F1A-CA3BE04DF282}.Debug|Mixed Platforms.Build.0 = Debug|Any CPU
		{6D8A9D10-BB44-4B06-8F1A-CA3BE04DF282}.Debug|Win32.ActiveCfg = Debug|Any CPU
		{6D8A9D10-BB44-4B06-8F1A-CA3BE04DF282}.Release|Any CPU.ActiveCfg = Release|Any CPU
		{6D8A9D10-BB44-4B06-8F1A-CA3BE04DF282}.Release|Any CPU.Build.0 = Release|Any CPU
		{6D8A9D10-BB44-4B06-8F1A-CA3BE04DF282}.Release|Mixed Platforms.ActiveCfg = Release|Any CPU
		{6D8A9D10-BB44-4B06-8F1A-CA3BE04DF282}.Release|Mixed Platforms.Build.0 = Release|Any CPU
		{6D8A9D10-BB44-4B06-8F1A-CA3BE04DF282}.Release|Win32.ActiveCfg = Release|Any CPU
	EndGlobalSection
	GlobalSection(SolutionProperties) = preSolution
		HideSolutionNode = FALSE
	EndGlobalSection
EndGlobal
