<?xml version="1.0" encoding="utf-8"?>
<Project ToolsVersion="4.0" xmlns="http://schemas.microsoft.com/developer/msbuild/2003">
  <ItemGroup>
    <Filter Include="Source Files">
      <UniqueIdentifier>{4FC737F1-C7A5-4376-A066-2A32D752A2FF}</UniqueIdentifier>
      <Extensions>cpp;c;cc;cxx;def;odl;idl;hpj;bat;asm;asmx</Extensions>
    </Filter>
    <Filter Include="Header Files">
      <UniqueIdentifier>{93995380-89BD-4b04-88EB-625FBE52EBFB}</UniqueIdentifier>
      <Extensions>h;hpp;hxx;hm;inl;inc;xsd</Extensions>
    </Filter>
    <Filter Include="Resource Files">
      <UniqueIdentifier>{67DA6AB6-F800-4c08-8B7A-83BB121AAD01}</UniqueIdentifier>
      <Extensions>rc;ico;cur;bmp;dlg;rc2;rct;bin;rgs;gif;jpg;jpeg;jpe;resx;tiff;tif;png;wav;mfcribbon-ms</Extensions>
    </Filter>
    <Filter Include="Header Files\Interop">
      <UniqueIdentifier>{54b24e31-cb57-4039-85ff-424179e40b12}</UniqueIdentifier>
    </Filter>
    <Filter Include="Source Files\Interop">
      <UniqueIdentifier>{3ae1ac2d-62d3-4861-8f14-b4d85f775428}</UniqueIdentifier>
    </Filter>
  </ItemGroup>
  <ItemGroup>
    <ClInclude Include="..\src\Editor\Agn.Catastrophe.Interop\Agn.Catastrophe.Interop.h">
      <Filter>Header Files</Filter>
    </ClInclude>
    <ClInclude Include="..\src\Editor\Agn.Catastrophe.Interop\agn.h">
      <Filter>Header Files</Filter>
    </ClInclude>
    <ClInclude Include="..\src\Editor\Agn.Catastrophe.Interop\DrawableWrapper.h">
      <Filter>Header Files</Filter>
    </ClInclude>
    <ClInclude Include="..\src\Editor\Agn.Catastrophe.Interop\FileConverter.h">
      <Filter>Header Files</Filter>
    </ClInclude>
    <ClInclude Include="..\src\Editor\Agn.Catastrophe.Interop\IDrawTarget.h">
      <Filter>Header Files</Filter>
    </ClInclude>
    <ClInclude Include="..\src\Editor\Agn.Catastrophe.Interop\ITexture.h">
      <Filter>Header Files</Filter>
    </ClInclude>
    <ClInclude Include="..\src\Editor\Agn.Catastrophe.Interop\resource.h">
      <Filter>Header Files</Filter>
    </ClInclude>
    <ClInclude Include="..\src\Editor\Agn.Catastrophe.Interop\ResourceManagerWrapper.h">
      <Filter>Header Files</Filter>
    </ClInclude>
    <ClInclude Include="..\src\Editor\Agn.Catastrophe.Interop\Stdafx.h">
      <Filter>Header Files</Filter>
    </ClInclude>
    <ClInclude Include="..\src\Editor\Agn.Catastrophe.Interop\StringWrapper.h">
      <Filter>Header Files</Filter>
    </ClInclude>
  </ItemGroup>
  <ItemGroup>
    <ClCompile Include="..\src\Editor\Agn.Catastrophe.Interop\Agn.Catastrophe.Interop.cpp">
      <Filter>Source Files</Filter>
    </ClCompile>
    <ClCompile Include="..\src\Editor\Agn.Catastrophe.Interop\AssemblyInfo.cpp">
      <Filter>Source Files</Filter>
    </ClCompile>
    <ClCompile Include="..\src\Editor\Agn.Catastrophe.Interop\DrawableWrapper.cpp">
      <Filter>Source Files</Filter>
    </ClCompile>
    <ClCompile Include="..\src\Editor\Agn.Catastrophe.Interop\FileConverter.cpp">
      <Filter>Source Files</Filter>
    </ClCompile>
    <ClCompile Include="..\src\Editor\Agn.Catastrophe.Interop\ResourceManagerWrapper.cpp">
      <Filter>Source Files</Filter>
    </ClCompile>
    <ClCompile Include="..\src\Editor\Agn.Catastrophe.Interop\Stdafx.cpp">
      <Filter>Source Files</Filter>
    </ClCompile>
    <ClCompile Include="..\src\Editor\Agn.Catastrophe.Interop\StringWrapper.cpp">
      <Filter>Source Files</Filter>
    </ClCompile>
  </ItemGroup>
  <ItemGroup>
    <None Include="..\src\Editor\Agn.Catastrophe.Interop\app.ico">
      <Filter>Resource Files</Filter>
    </None>
    <None Include="..\src\Editor\Agn.Catastrophe.Interop\ReadMe.txt" />
  </ItemGroup>
  <ItemGroup>
    <ResourceCompile Include="..\src\Editor\Agn.Catastrophe.Interop\app.rc">
      <Filter>Resource Files</Filter>
    </ResourceCompile>
  </ItemGroup>
</Project>