<?xml version="1.0" encoding="utf-8"?>
<Project ToolsVersion="4.0" xmlns="http://schemas.microsoft.com/developer/msbuild/2003">
  <ItemGroup>
    <Filter Include="Source Files">
      <UniqueIdentifier>{4FC737F1-C7A5-4376-A066-2A32D752A2FF}</UniqueIdentifier>
      <Extensions>cpp;c;cc;cxx;def;odl;idl;hpj;bat;asm;asmx</Extensions>
    </Filter>
    <Filter Include="Source Files\Math">
      <UniqueIdentifier>{220c256c-969f-4300-801e-2af5ef6aefda}</UniqueIdentifier>
    </Filter>
    <Filter Include="Source Files\IO">
      <UniqueIdentifier>{5970720d-4e33-4581-907c-5a58e3d36a3a}</UniqueIdentifier>
    </Filter>
    <Filter Include="Source Files\Graphics">
      <UniqueIdentifier>{1a925152-639b-44dd-998f-65c41b313dd8}</UniqueIdentifier>
    </Filter>
    <Filter Include="Source Files\Gui">
      <UniqueIdentifier>{00732285-b2f7-4c47-96d8-23ca228fa0fc}</UniqueIdentifier>
    </Filter>
    <Filter Include="Source Files\Util">
      <UniqueIdentifier>{d964558e-1596-4a3e-9252-d04596884f3a}</UniqueIdentifier>
    </Filter>
    <Filter Include="Header Files">
      <UniqueIdentifier>{93995380-89BD-4b04-88EB-625FBE52EBFB}</UniqueIdentifier>
      <Extensions>h;hpp;hxx;hm;inl;inc;xsd</Extensions>
    </Filter>
    <Filter Include="Header Files\Math">
      <UniqueIdentifier>{3d8595b2-de8c-40d8-94ec-406ec7762983}</UniqueIdentifier>
    </Filter>
    <Filter Include="Header Files\IO">
      <UniqueIdentifier>{282a3132-4d8e-48cf-a545-5fcc6faf48a2}</UniqueIdentifier>
    </Filter>
    <Filter Include="Header Files\Graphics">
      <UniqueIdentifier>{cb523e84-75db-4266-829d-337460059351}</UniqueIdentifier>
    </Filter>
    <Filter Include="Header Files\Gui">
      <UniqueIdentifier>{231d515b-6932-4946-8a2d-0c72c519fe36}</UniqueIdentifier>
    </Filter>
    <Filter Include="Header Files\Util">
      <UniqueIdentifier>{c40802f5-9ce6-4022-84ab-ad46f450340b}</UniqueIdentifier>
    </Filter>
    <Filter Include="Resource Files">
      <UniqueIdentifier>{67DA6AB6-F800-4c08-8B7A-83BB121AAD01}</UniqueIdentifier>
      <Extensions>rc;ico;cur;bmp;dlg;rc2;rct;bin;rgs;gif;jpg;jpeg;jpe;resx;tiff;tif;png;wav</Extensions>
    </Filter>
  </ItemGroup>
  <ItemGroup>
    <ClCompile Include="..\src\Engine\Math\BoundingBox.cpp">
      <Filter>Source Files\Math</Filter>
    </ClCompile>
    <ClCompile Include="..\src\Engine\Math\Color.cpp">
      <Filter>Source Files\Math</Filter>
    </ClCompile>
    <ClCompile Include="..\src\Engine\Math\Colorf.cpp">
      <Filter>Source Files\Math</Filter>
    </ClCompile>
    <ClCompile Include="..\src\Engine\Math\Frustum.cpp">
      <Filter>Source Files\Math</Filter>
    </ClCompile>
    <ClCompile Include="..\src\Engine\Math\HSLColor.cpp">
      <Filter>Source Files\Math</Filter>
    </ClCompile>
    <ClCompile Include="..\src\Engine\Math\HSVColor.cpp">
      <Filter>Source Files\Math</Filter>
    </ClCompile>
    <ClCompile Include="..\src\Engine\Math\Math.cpp">
      <Filter>Source Files\Math</Filter>
    </ClCompile>
    <ClCompile Include="..\src\Engine\Math\Matrix.cpp">
      <Filter>Source Files\Math</Filter>
    </ClCompile>
    <ClCompile Include="..\src\Engine\Math\Quaternion.cpp">
      <Filter>Source Files\Math</Filter>
    </ClCompile>
    <ClCompile Include="..\src\Engine\Math\Rect.cpp">
      <Filter>Source Files\Math</Filter>
    </ClCompile>
    <ClCompile Include="..\src\Engine\Math\Rectf.cpp">
      <Filter>Source Files\Math</Filter>
    </ClCompile>
    <ClCompile Include="..\src\Engine\Math\Vector2.cpp">
      <Filter>Source Files\Math</Filter>
    </ClCompile>
    <ClCompile Include="..\src\Engine\Math\Vector3.cpp">
      <Filter>Source Files\Math</Filter>
    </ClCompile>
    <ClCompile Include="..\src\Engine\Math\Vector4.cpp">
      <Filter>Source Files\Math</Filter>
    </ClCompile>
    <ClCompile Include="..\src\Engine\IO\Deserializer.cpp">
      <Filter>Source Files\IO</Filter>
    </ClCompile>
    <ClCompile Include="..\src\Engine\IO\File.cpp">
      <Filter>Source Files\IO</Filter>
    </ClCompile>
    <ClCompile Include="..\src\Engine\IO\Log.cpp">
      <Filter>Source Files\IO</Filter>
    </ClCompile>
    <ClCompile Include="..\src\Engine\IO\Serializer.cpp">
      <Filter>Source Files\IO</Filter>
    </ClCompile>
    <ClCompile Include="..\src\Engine\IO\XmlReader.cpp">
      <Filter>Source Files\IO</Filter>
    </ClCompile>
    <ClCompile Include="..\src\Engine\IO\XmlWriter.cpp">
      <Filter>Source Files\IO</Filter>
    </ClCompile>
    <ClCompile Include="..\src\Engine\Graphics\Animation.cpp">
      <Filter>Source Files\Graphics</Filter>
    </ClCompile>
    <ClCompile Include="..\src\Engine\Graphics\AnimationFrames.cpp">
      <Filter>Source Files\Graphics</Filter>
    </ClCompile>
    <ClCompile Include="..\src\Engine\Graphics\AnimationSet.cpp">
      <Filter>Source Files\Graphics</Filter>
    </ClCompile>
    <ClCompile Include="..\src\Engine\Graphics\BlendMode.cpp">
      <Filter>Source Files\Graphics</Filter>
    </ClCompile>
    <ClCompile Include="..\src\Engine\Graphics\FBORenderTarget.cpp">
      <Filter>Source Files\Graphics</Filter>
    </ClCompile>
    <ClCompile Include="..\src\Engine\Graphics\Font.cpp">
      <Filter>Source Files\Graphics</Filter>
    </ClCompile>
    <ClCompile Include="..\src\Engine\Graphics\Image.cpp">
      <Filter>Source Files\Graphics</Filter>
    </ClCompile>
    <ClCompile Include="..\src\Engine\Graphics\Primitive.cpp">
      <Filter>Source Files\Graphics</Filter>
    </ClCompile>
    <ClCompile Include="..\src\Engine\Graphics\PrimitiveBatch.cpp">
      <Filter>Source Files\Graphics</Filter>
    </ClCompile>
    <ClCompile Include="..\src\Engine\Graphics\Shader.cpp">
      <Filter>Source Files\Graphics</Filter>
    </ClCompile>
    <ClCompile Include="..\src\Engine\Graphics\ShaderObject.cpp">
      <Filter>Source Files\Graphics</Filter>
    </ClCompile>
    <ClCompile Include="..\src\Engine\Graphics\Sprite.cpp">
      <Filter>Source Files\Graphics</Filter>
    </ClCompile>
    <ClCompile Include="..\src\Engine\Graphics\SpriteBatch.cpp">
      <Filter>Source Files\Graphics</Filter>
    </ClCompile>
    <ClCompile Include="..\src\Engine\Graphics\Texture.cpp">
      <Filter>Source Files\Graphics</Filter>
    </ClCompile>
    <ClCompile Include="..\src\Engine\Graphics\TextureLoader.cpp">
      <Filter>Source Files\Graphics</Filter>
    </ClCompile>
    <ClCompile Include="..\src\Engine\Gui\Frame.cpp">
      <Filter>Source Files\Gui</Filter>
    </ClCompile>
    <ClCompile Include="..\src\Engine\Gui\MenuElement.cpp">
      <Filter>Source Files\Gui</Filter>
    </ClCompile>
    <ClCompile Include="..\src\Engine\Gui\MessageElement.cpp">
      <Filter>Source Files\Gui</Filter>
    </ClCompile>
    <ClCompile Include="..\src\Engine\Gui\TextElement.cpp">
      <Filter>Source Files\Gui</Filter>
    </ClCompile>
    <ClCompile Include="..\src\Engine\Gui\Widget.cpp">
      <Filter>Source Files\Gui</Filter>
    </ClCompile>
    <ClCompile Include="..\src\Engine\Util\TexturePacker.cpp">
      <Filter>Source Files\Util</Filter>
    </ClCompile>
    <ClCompile Include="..\src\Engine\Util\Timer.cpp">
      <Filter>Source Files\Util</Filter>
    </ClCompile>
    <ClCompile Include="..\src\Engine\IO\ConfigFile.cpp">
      <Filter>Source Files\IO</Filter>
    </ClCompile>
  </ItemGroup>
  <ItemGroup>
    <ClInclude Include="..\src\Engine\Common.h">
      <Filter>Header Files</Filter>
    </ClInclude>
    <ClInclude Include="..\src\Engine\FileIO.h">
      <Filter>Header Files</Filter>
    </ClInclude>
    <ClInclude Include="..\src\Engine\Graphics.h">
      <Filter>Header Files</Filter>
    </ClInclude>
    <ClInclude Include="..\src\Engine\Gui.h">
      <Filter>Header Files</Filter>
    </ClInclude>
    <ClInclude Include="..\src\Engine\MathTypes.h">
      <Filter>Header Files</Filter>
    </ClInclude>
    <ClInclude Include="..\src\Engine\Util.h">
      <Filter>Header Files</Filter>
    </ClInclude>
    <ClInclude Include="..\src\Engine\Math\BoundingBox.h">
      <Filter>Header Files\Math</Filter>
    </ClInclude>
    <ClInclude Include="..\src\Engine\Math\Circle.h">
      <Filter>Header Files\Math</Filter>
    </ClInclude>
    <ClInclude Include="..\src\Engine\Math\Color.h">
      <Filter>Header Files\Math</Filter>
    </ClInclude>
    <ClInclude Include="..\src\Engine\Math\Colorf.h">
      <Filter>Header Files\Math</Filter>
    </ClInclude>
    <ClInclude Include="..\src\Engine\Math\Common.h">
      <Filter>Header Files\Math</Filter>
    </ClInclude>
    <ClInclude Include="..\src\Engine\Math\Frustum.h">
      <Filter>Header Files\Math</Filter>
    </ClInclude>
    <ClInclude Include="..\src\Engine\Math\HSLColor.h">
      <Filter>Header Files\Math</Filter>
    </ClInclude>
    <ClInclude Include="..\src\Engine\Math\HSVColor.h">
      <Filter>Header Files\Math</Filter>
    </ClInclude>
    <ClInclude Include="..\src\Engine\Math\Line.h">
      <Filter>Header Files\Math</Filter>
    </ClInclude>
    <ClInclude Include="..\src\Engine\Math\Math.h">
      <Filter>Header Files\Math</Filter>
    </ClInclude>
    <ClInclude Include="..\src\Engine\Math\Matrix.h">
      <Filter>Header Files\Math</Filter>
    </ClInclude>
    <ClInclude Include="..\src\Engine\Math\PackedPoint.h">
      <Filter>Header Files\Math</Filter>
    </ClInclude>
    <ClInclude Include="..\src\Engine\Math\PackedRect.h">
      <Filter>Header Files\Math</Filter>
    </ClInclude>
    <ClInclude Include="..\src\Engine\Math\Plane.h">
      <Filter>Header Files\Math</Filter>
    </ClInclude>
    <ClInclude Include="..\src\Engine\Math\Point.h">
      <Filter>Header Files\Math</Filter>
    </ClInclude>
    <ClInclude Include="..\src\Engine\Math\Quaternion.h">
      <Filter>Header Files\Math</Filter>
    </ClInclude>
    <ClInclude Include="..\src\Engine\Math\Ray.h">
      <Filter>Header Files\Math</Filter>
    </ClInclude>
    <ClInclude Include="..\src\Engine\Math\Rect.h">
      <Filter>Header Files\Math</Filter>
    </ClInclude>
    <ClInclude Include="..\src\Engine\Math\Rectf.h">
      <Filter>Header Files\Math</Filter>
    </ClInclude>
    <ClInclude Include="..\src\Engine\Math\Vector2.h">
      <Filter>Header Files\Math</Filter>
    </ClInclude>
    <ClInclude Include="..\src\Engine\Math\Vector3.h">
      <Filter>Header Files\Math</Filter>
    </ClInclude>
    <ClInclude Include="..\src\Engine\Math\Vector4.h">
      <Filter>Header Files\Math</Filter>
    </ClInclude>
    <ClInclude Include="..\src\Engine\IO\Deserializer.h">
      <Filter>Header Files\IO</Filter>
    </ClInclude>
    <ClInclude Include="..\src\Engine\IO\File.h">
      <Filter>Header Files\IO</Filter>
    </ClInclude>
    <ClInclude Include="..\src\Engine\IO\Log.h">
      <Filter>Header Files\IO</Filter>
    </ClInclude>
    <ClInclude Include="..\src\Engine\IO\Serializer.h">
      <Filter>Header Files\IO</Filter>
    </ClInclude>
    <ClInclude Include="..\src\Engine\IO\XmlReader.h">
      <Filter>Header Files\IO</Filter>
    </ClInclude>
    <ClInclude Include="..\src\Engine\IO\XmlWriter.h">
      <Filter>Header Files\IO</Filter>
    </ClInclude>
    <ClInclude Include="..\src\Engine\Graphics\Animation.h">
      <Filter>Header Files\Graphics</Filter>
    </ClInclude>
    <ClInclude Include="..\src\Engine\Graphics\AnimationFrames.h">
      <Filter>Header Files\Graphics</Filter>
    </ClInclude>
    <ClInclude Include="..\src\Engine\Graphics\AnimationSet.h">
      <Filter>Header Files\Graphics</Filter>
    </ClInclude>
    <ClInclude Include="..\src\Engine\Graphics\Blendmode.h">
      <Filter>Header Files\Graphics</Filter>
    </ClInclude>
    <ClInclude Include="..\src\Engine\Graphics\FBORenderTarget.h">
      <Filter>Header Files\Graphics</Filter>
    </ClInclude>
    <ClInclude Include="..\src\Engine\Graphics\Font.h">
      <Filter>Header Files\Graphics</Filter>
    </ClInclude>
    <ClInclude Include="..\src\Engine\Graphics\Image.h">
      <Filter>Header Files\Graphics</Filter>
    </ClInclude>
    <ClInclude Include="..\src\Engine\Graphics\OpenGL.h">
      <Filter>Header Files\Graphics</Filter>
    </ClInclude>
    <ClInclude Include="..\src\Engine\Graphics\Primitive.h">
      <Filter>Header Files\Graphics</Filter>
    </ClInclude>
    <ClInclude Include="..\src\Engine\Graphics\PrimitiveBatch.h">
      <Filter>Header Files\Graphics</Filter>
    </ClInclude>
    <ClInclude Include="..\src\Engine\Graphics\PrimitiveType.h">
      <Filter>Header Files\Graphics</Filter>
    </ClInclude>
    <ClInclude Include="..\src\Engine\Graphics\RenderTarget.h">
      <Filter>Header Files\Graphics</Filter>
    </ClInclude>
    <ClInclude Include="..\src\Engine\Graphics\Shader.h">
      <Filter>Header Files\Graphics</Filter>
    </ClInclude>
    <ClInclude Include="..\src\Engine\Graphics\ShaderObject.h">
      <Filter>Header Files\Graphics</Filter>
    </ClInclude>
    <ClInclude Include="..\src\Engine\Graphics\Sprite.h">
      <Filter>Header Files\Graphics</Filter>
    </ClInclude>
    <ClInclude Include="..\src\Engine\Graphics\SpriteBatch.h">
      <Filter>Header Files\Graphics</Filter>
    </ClInclude>
    <ClInclude Include="..\src\Engine\Graphics\SpriteSort.h">
      <Filter>Header Files\Graphics</Filter>
    </ClInclude>
    <ClInclude Include="..\src\Engine\Graphics\Texture.h">
      <Filter>Header Files\Graphics</Filter>
    </ClInclude>
    <ClInclude Include="..\src\Engine\Graphics\TextureLoader.h">
      <Filter>Header Files\Graphics</Filter>
    </ClInclude>
    <ClInclude Include="..\src\Engine\Graphics\Vertex.h">
      <Filter>Header Files\Graphics</Filter>
    </ClInclude>
    <ClInclude Include="..\src\Engine\Graphics\VertexArray.h">
      <Filter>Header Files\Graphics</Filter>
    </ClInclude>
    <ClInclude Include="..\src\Engine\Gui\Frame.h">
      <Filter>Header Files\Gui</Filter>
    </ClInclude>
    <ClInclude Include="..\src\Engine\Gui\MenuElement.h">
      <Filter>Header Files\Gui</Filter>
    </ClInclude>
    <ClInclude Include="..\src\Engine\Gui\MessageElement.h">
      <Filter>Header Files\Gui</Filter>
    </ClInclude>
    <ClInclude Include="..\src\Engine\Gui\TextElement.h">
      <Filter>Header Files\Gui</Filter>
    </ClInclude>
    <ClInclude Include="..\src\Engine\Gui\Widget.h">
      <Filter>Header Files\Gui</Filter>
    </ClInclude>
    <ClInclude Include="..\src\Engine\Util\BasicTimer.h">
      <Filter>Header Files\Util</Filter>
    </ClInclude>
    <ClInclude Include="..\src\Engine\Util\GarbageCollect.h">
      <Filter>Header Files\Util</Filter>
    </ClInclude>
    <ClInclude Include="..\src\Engine\Util\Indexable.h">
      <Filter>Header Files\Util</Filter>
    </ClInclude>
    <ClInclude Include="..\src\Engine\Util\MinMax.h">
      <Filter>Header Files\Util</Filter>
    </ClInclude>
    <ClInclude Include="..\src\Engine\Util\NonCopyable.h">
      <Filter>Header Files\Util</Filter>
    </ClInclude>
    <ClInclude Include="..\src\Engine\Util\ReferenceCounted.h">
      <Filter>Header Files\Util</Filter>
    </ClInclude>
    <ClInclude Include="..\src\Engine\Util\Singleton.h">
      <Filter>Header Files\Util</Filter>
    </ClInclude>
    <ClInclude Include="..\src\Engine\Util\TexturePacker.h">
      <Filter>Header Files\Util</Filter>
    </ClInclude>
    <ClInclude Include="..\src\Engine\Util\Timer.h">
      <Filter>Header Files\Util</Filter>
    </ClInclude>
    <ClInclude Include="..\src\Engine\Util\UniqueID.h">
      <Filter>Header Files\Util</Filter>
    </ClInclude>
    <ClInclude Include="..\src\Engine\IO\ConfigFile.h">
      <Filter>Header Files\IO</Filter>
    </ClInclude>
  </ItemGroup>
</Project>